{
    "_readme": [
        "This file locks the dependencies of your project to a known state",
        "Read more about it at https://getcomposer.org/doc/01-basic-usage.md#installing-dependencies",
        "This file is @generated automatically"
    ],
    "content-hash": "98f357a6f19ef97f3e2b9542b43b108b",
    "packages": [
        {
            "name": "tecnickcom/tc-lib-barcode",
            "version": "2.13.1",
            "source": {
                "type": "git",
                "url": "https://github.com/tecnickcom/tc-lib-barcode.git",
                "reference": "2de5ddc1bf33c329bd4d0a9352171ed6038fa22b"
            },
            "dist": {
                "type": "zip",
                "url": "https://api.github.com/repos/tecnickcom/tc-lib-barcode/zipball/2de5ddc1bf33c329bd4d0a9352171ed6038fa22b",
                "reference": "2de5ddc1bf33c329bd4d0a9352171ed6038fa22b",
                "shasum": ""
            },
            "require": {
                "ext-ctype": "*",
                "ext-gd": "*",
                "ext-pcre": "*",
                "php": ">=8.2",
                "tecnickcom/tc-lib-color": "^2.13"
            },
            "require-dev": {
                "pdepend/pdepend": "^2.16",
                "phpunit/phpunit": "^11.5 || ^12.5 || ^13.2"
            },
            "suggest": {
                "ext-bcmath": "Speeds up the arbitrary precision arithmetic used by the IMB and PDF417 barcode types (a pure-PHP implementation is used when missing)",
                "ext-imagick": "Alternative PNG renderer used by getPngData() when the extension is loaded"
            },
            "type": "library",
            "autoload": {
                "psr-4": {
                    "Com\\Tecnick\\Barcode\\": "src"
                }
            },
            "notification-url": "https://packagist.org/downloads/",
            "license": [
                "LGPL-3.0-or-later"
            ],
            "authors": [
                {
                    "name": "Nicola Asuni",
                    "email": "info@tecnick.com",
                    "role": "lead"
                }
            ],
            "description": "PHP library to generate linear and bidimensional barcodes",
            "homepage": "https://tcpdf.org",
            "keywords": [
                "3 of 9",
                "ANSI MH10.8M-1983",
                "CBC",
                "CODABAR",
                "CODE 11",
                "CODE 128 A B C",
                "CODE 39",
                "CODE 93",
                "EAN 13",
                "EAN 8",
                "ECC200",
                "ISO IEC 15438 2006",
                "ISO IEC 16022",
                "ISO IEC 24778 2008",
                "Intelligent Mail Barcode",
                "Interleaved 2 of 5",
                "KIX",
                "Klant",
                "MSI",
                "Onecode",
                "PHARMACODE",
                "PHARMACODE TWO-TRACKS",
                "POSTNET",
                "RMS4CC",
                "Standard 2 of 5",
                "UPC-A",
                "UPC-E",
                "USD-3",
                "USPS-B-3200",
                "USS-93",
                "aztec",
                "barcode",
                "datamatrix",
                "pdf417",
                "planet",
                "qr-code",
                "royal mail",
                "tc-lib-barcode",
                "upc"
            ],
            "support": {
                "issues": "https://github.com/tecnickcom/tc-lib-barcode/issues",
                "source": "https://github.com/tecnickcom/tc-lib-barcode"
            },
            "funding": [
                {
                    "url": "https://github.com/sponsors/tecnickcom",
                    "type": "github"
                }
            ],
            "time": "2026-08-06T22:01:19+00:00"
        },
        {
            "name": "tecnickcom/tc-lib-color",
            "version": "2.13.2",
            "source": {
                "type": "git",
                "url": "https://github.com/tecnickcom/tc-lib-color.git",
                "reference": "f77f1d96cba5aacaf49ad41d00e1666023e8deec"
            },
            "dist": {
                "type": "zip",
                "url": "https://api.github.com/repos/tecnickcom/tc-lib-color/zipball/f77f1d96cba5aacaf49ad41d00e1666023e8deec",
                "reference": "f77f1d96cba5aacaf49ad41d00e1666023e8deec",
                "shasum": ""
            },
            "require": {
                "ext-pcre": "*",
                "php": ">=8.2"
            },
            "require-dev": {
                "pdepend/pdepend": "^2.16",
                "phpunit/phpunit": "^11.5 || ^12.5 || ^13.2"
            },
            "type": "library",
            "autoload": {
                "psr-4": {
                    "Com\\Tecnick\\Color\\": "src"
                }
            },
            "notification-url": "https://packagist.org/downloads/",
            "license": [
                "LGPL-3.0-or-later"
            ],
            "authors": [
                {
                    "name": "Nicola Asuni",
                    "email": "info@tecnick.com",
                    "role": "lead"
                }
            ],
            "description": "PHP library to manipulate various color representations",
            "homepage": "https://tcpdf.org",
            "keywords": [
                "cmyk",
                "color",
                "colors",
                "colour",
                "colours",
                "hsl",
                "hsla",
                "javascript",
                "rgb",
                "rgba",
                "tc-lib-color",
                "web"
            ],
            "support": {
                "issues": "https://github.com/tecnickcom/tc-lib-color/issues",
                "source": "https://github.com/tecnickcom/tc-lib-color"
            },
            "funding": [
                {
                    "url": "https://github.com/sponsors/tecnickcom",
                    "type": "github"
                }
            ],
            "time": "2026-08-06T21:59:29+00:00"
        },
        {
            "name": "tecnickcom/tc-lib-file",
            "version": "3.7.2",
            "source": {
                "type": "git",
                "url": "https://github.com/tecnickcom/tc-lib-file.git",
                "reference": "604b55c068250178eee64f3471083f443a857958"
            },
            "dist": {
                "type": "zip",
                "url": "https://api.github.com/repos/tecnickcom/tc-lib-file/zipball/604b55c068250178eee64f3471083f443a857958",
                "reference": "604b55c068250178eee64f3471083f443a857958",
                "shasum": ""
            },
            "require": {
                "ext-curl": "*",
                "ext-pcre": "*",
                "php": ">=8.2"
            },
            "require-dev": {
                "pdepend/pdepend": "^2.16",
                "phpunit/phpunit": "^13.2 || ^12.5 || ^11.5"
            },
            "suggest": {
                "ext-intl": "Enables Unicode NFC normalization when matching paths against the allowlist"
            },
            "type": "library",
            "autoload": {
                "psr-4": {
                    "Com\\Tecnick\\File\\": "src"
                }
            },
            "notification-url": "https://packagist.org/downloads/",
            "license": [
                "LGPL-3.0-or-later"
            ],
            "authors": [
                {
                    "name": "Nicola Asuni",
                    "email": "info@tecnick.com",
                    "role": "lead"
                }
            ],
            "description": "PHP library to read byte-level data from files",
            "homepage": "https://tcpdf.org",
            "keywords": [
                "Double",
                "bit",
                "byte",
                "file",
                "long",
                "read",
                "short",
                "tc-lib-file"
            ],
            "support": {
                "issues": "https://github.com/tecnickcom/tc-lib-file/issues",
                "source": "https://github.com/tecnickcom/tc-lib-file"
            },
            "funding": [
                {
                    "url": "https://github.com/sponsors/tecnickcom",
                    "type": "github"
                }
            ],
            "time": "2026-08-06T21:59:41+00:00"
        },
        {
            "name": "tecnickcom/tc-lib-pdf",
            "version": "8.68.2",
            "source": {
                "type": "git",
                "url": "https://github.com/tecnickcom/tc-lib-pdf.git",
                "reference": "eed63bd685719168aa02a1f844287a9cbd00c4d7"
            },
            "dist": {
                "type": "zip",
                "url": "https://api.github.com/repos/tecnickcom/tc-lib-pdf/zipball/eed63bd685719168aa02a1f844287a9cbd00c4d7",
                "reference": "eed63bd685719168aa02a1f844287a9cbd00c4d7",
                "shasum": ""
            },
            "require": {
                "ext-ctype": "*",
                "ext-filter": "*",
                "ext-hash": "*",
                "ext-json": "*",
                "ext-mbstring": "*",
                "ext-openssl": "*",
                "ext-pcre": "*",
                "ext-xml": "*",
                "ext-zlib": "*",
                "php": ">=8.2",
                "tecnickcom/tc-lib-barcode": "^2.13",
                "tecnickcom/tc-lib-color": "^2.13",
                "tecnickcom/tc-lib-file": "^3.7",
                "tecnickcom/tc-lib-pdf-encrypt": "^2.9",
                "tecnickcom/tc-lib-pdf-font": "^3.13",
                "tecnickcom/tc-lib-pdf-graph": "^2.15",
                "tecnickcom/tc-lib-pdf-image": "^3.12",
                "tecnickcom/tc-lib-pdf-page": "^4.14",
                "tecnickcom/tc-lib-pdf-parser": "^3.14",
                "tecnickcom/tc-lib-pdf-sign": "^1.1",
                "tecnickcom/tc-lib-unicode": "^3.0",
                "tecnickcom/tc-lib-unicode-data": "^3.0"
            },
            "require-dev": {
                "pdepend/pdepend": "^2.16",
                "phpunit/phpunit": "^11.5 || ^12.5 || ^13.2"
            },
            "suggest": {
                "ext-curl": "Required to contact a Timestamp Authority (RFC 3161) when timestamping signatures",
                "ext-intl": "Enables Unicode NFC normalization of the PDF file name"
            },
            "type": "library",
            "autoload": {
                "psr-4": {
                    "Com\\Tecnick\\Pdf\\": "src"
                }
            },
            "notification-url": "https://packagist.org/downloads/",
            "license": [
                "LGPL-3.0-or-later"
            ],
            "authors": [
                {
                    "name": "Nicola Asuni",
                    "email": "info@tecnick.com",
                    "role": "lead"
                }
            ],
            "description": "PHP PDF Library",
            "homepage": "https://tcpdf.org",
            "keywords": [
                "PDFD32000-2008",
                "TCPDF",
                "document",
                "pdf",
                "tc-lib-pdf"
            ],
            "support": {
                "issues": "https://github.com/tecnickcom/tc-lib-pdf/issues",
                "source": "https://github.com/tecnickcom/tc-lib-pdf"
            },
            "funding": [
                {
                    "url": "https://github.com/sponsors/tecnickcom",
                    "type": "github"
                }
            ],
            "time": "2026-08-06T22:07:28+00:00"
        },
        {
            "name": "tecnickcom/tc-lib-pdf-encrypt",
            "version": "2.9.2",
            "source": {
                "type": "git",
                "url": "https://github.com/tecnickcom/tc-lib-pdf-encrypt.git",
                "reference": "6c507adf1795f3cceed0eaece7e82153136ae268"
            },
            "dist": {
                "type": "zip",
                "url": "https://api.github.com/repos/tecnickcom/tc-lib-pdf-encrypt/zipball/6c507adf1795f3cceed0eaece7e82153136ae268",
                "reference": "6c507adf1795f3cceed0eaece7e82153136ae268",
                "shasum": ""
            },
            "require": {
                "ext-hash": "*",
                "ext-openssl": "*",
                "ext-pcre": "*",
                "php": ">=8.2"
            },
            "require-dev": {
                "pdepend/pdepend": "^2.16",
                "phpunit/phpunit": "^11.5 || ^12.5 || ^13.2"
            },
            "suggest": {
                "ext-posix": "Adds the process id to the random seed material"
            },
            "type": "library",
            "autoload": {
                "psr-4": {
                    "Com\\Tecnick\\Pdf\\Encrypt\\": "src"
                }
            },
            "notification-url": "https://packagist.org/downloads/",
            "license": [
                "LGPL-3.0-or-later"
            ],
            "authors": [
                {
                    "name": "Nicola Asuni",
                    "email": "info@tecnick.com",
                    "role": "lead"
                }
            ],
            "description": "PHP library to encrypt data for PDF",
            "homepage": "https://tcpdf.org",
            "keywords": [
                "aes",
                "encrypt",
                "encryption",
                "pdf",
                "rc4",
                "tc-lib-pdf-encrypt"
            ],
            "support": {
                "issues": "https://github.com/tecnickcom/tc-lib-pdf-encrypt/issues",
                "source": "https://github.com/tecnickcom/tc-lib-pdf-encrypt"
            },
            "funding": [
                {
                    "url": "https://github.com/sponsors/tecnickcom",
                    "type": "github"
                }
            ],
            "time": "2026-08-06T21:59:53+00:00"
        },
        {
            "name": "tecnickcom/tc-lib-pdf-filter",
            "version": "2.10.2",
            "source": {
                "type": "git",
                "url": "https://github.com/tecnickcom/tc-lib-pdf-filter.git",
                "reference": "4ddf54049ed560381b5dd7a6c4d8b85e73179c7e"
            },
            "dist": {
                "type": "zip",
                "url": "https://api.github.com/repos/tecnickcom/tc-lib-pdf-filter/zipball/4ddf54049ed560381b5dd7a6c4d8b85e73179c7e",
                "reference": "4ddf54049ed560381b5dd7a6c4d8b85e73179c7e",
                "shasum": ""
            },
            "require": {
                "ext-pcre": "*",
                "ext-zlib": "*",
                "php": ">=8.2"
            },
            "require-dev": {
                "pdepend/pdepend": "^2.16",
                "phpunit/phpunit": "^11.5 || ^12.5 || ^13.2"
            },
            "suggest": {
                "ext-imagick": "Required for the JPXDecode (JPEG 2000) and CCITTFaxDecode filters"
            },
            "type": "library",
            "autoload": {
                "psr-4": {
                    "Com\\Tecnick\\Pdf\\Filter\\": "src"
                }
            },
            "notification-url": "https://packagist.org/downloads/",
            "license": [
                "LGPL-3.0-or-later"
            ],
            "authors": [
                {
                    "name": "Nicola Asuni",
                    "email": "info@tecnick.com",
                    "role": "lead"
                }
            ],
            "description": "PHP library to decode PDF compression and encryption filters",
            "homepage": "https://tcpdf.org",
            "keywords": [
                "compression",
                "encryption",
                "filter",
                "pdf",
                "tc-lib-pdf-filter"
            ],
            "support": {
                "issues": "https://github.com/tecnickcom/tc-lib-pdf-filter/issues",
                "source": "https://github.com/tecnickcom/tc-lib-pdf-filter"
            },
            "funding": [
                {
                    "url": "https://github.com/sponsors/tecnickcom",
                    "type": "github"
                }
            ],
            "time": "2026-08-06T22:00:05+00:00"
        },
        {
            "name": "tecnickcom/tc-lib-pdf-font",
            "version": "3.13.1",
            "source": {
                "type": "git",
                "url": "https://github.com/tecnickcom/tc-lib-pdf-font.git",
                "reference": "29572f81157a32e20a0d009e4d6eaf7352810a81"
            },
            "dist": {
                "type": "zip",
                "url": "https://api.github.com/repos/tecnickcom/tc-lib-pdf-font/zipball/29572f81157a32e20a0d009e4d6eaf7352810a81",
                "reference": "29572f81157a32e20a0d009e4d6eaf7352810a81",
                "shasum": ""
            },
            "require": {
                "ext-hash": "*",
                "ext-json": "*",
                "ext-pcre": "*",
                "ext-zlib": "*",
                "php": ">=8.2",
                "tecnickcom/tc-lib-file": "^3.7",
                "tecnickcom/tc-lib-pdf-encrypt": "^2.9",
                "tecnickcom/tc-lib-unicode-data": "^3.0"
            },
            "require-dev": {
                "pdepend/pdepend": "^2.16",
                "phpunit/phpunit": "^11.5 || ^12.5 || ^13.2"
            },
            "suggest": {
                "ext-iconv": "Decodes legacy Macintosh (MacRoman) TrueType name strings",
                "ext-mbstring": "Decodes UTF-16BE and Windows-1252 TrueType name strings"
            },
            "type": "library",
            "autoload": {
                "psr-4": {
                    "Com\\Tecnick\\Pdf\\Font\\": "src"
                }
            },
            "notification-url": "https://packagist.org/downloads/",
            "license": [
                "LGPL-3.0-or-later"
            ],
            "authors": [
                {
                    "name": "Nicola Asuni",
                    "email": "info@tecnick.com",
                    "role": "lead"
                }
            ],
            "description": "PHP library containing PDF page formats and definitions",
            "homepage": "https://tcpdf.org",
            "keywords": [
                "PFB",
                "afm",
                "font",
                "import",
                "pdf",
                "tc-lib-pdf-font",
                "ttf"
            ],
            "support": {
                "issues": "https://github.com/tecnickcom/tc-lib-pdf-font/issues",
                "source": "https://github.com/tecnickcom/tc-lib-pdf-font"
            },
            "funding": [
                {
                    "url": "https://github.com/sponsors/tecnickcom",
                    "type": "github"
                }
            ],
            "time": "2026-08-06T22:03:30+00:00"
        },
        {
            "name": "tecnickcom/tc-lib-pdf-graph",
            "version": "2.15.1",
            "source": {
                "type": "git",
                "url": "https://github.com/tecnickcom/tc-lib-pdf-graph.git",
                "reference": "59e4c96bd9f73808404bdbc95d225882a743a996"
            },
            "dist": {
                "type": "zip",
                "url": "https://api.github.com/repos/tecnickcom/tc-lib-pdf-graph/zipball/59e4c96bd9f73808404bdbc95d225882a743a996",
                "reference": "59e4c96bd9f73808404bdbc95d225882a743a996",
                "shasum": ""
            },
            "require": {
                "ext-zlib": "*",
                "php": ">=8.2",
                "tecnickcom/tc-lib-color": "^2.13",
                "tecnickcom/tc-lib-pdf-encrypt": "^2.9"
            },
            "require-dev": {
                "pdepend/pdepend": "^2.16",
                "phpunit/phpunit": "^11.5 || ^12.5 || ^13.2"
            },
            "type": "library",
            "autoload": {
                "psr-4": {
                    "Com\\Tecnick\\Pdf\\Graph\\": "src"
                }
            },
            "notification-url": "https://packagist.org/downloads/",
            "license": [
                "LGPL-3.0-or-later"
            ],
            "authors": [
                {
                    "name": "Nicola Asuni",
                    "email": "info@tecnick.com",
                    "role": "lead"
                }
            ],
            "description": "PHP library containing PDF graphic and geometric methods",
            "homepage": "https://tcpdf.org",
            "keywords": [
                "geometry",
                "graphic",
                "pdf",
                "tc-lib-pdf-graph",
                "transformation"
            ],
            "support": {
                "issues": "https://github.com/tecnickcom/tc-lib-pdf-graph/issues",
                "source": "https://github.com/tecnickcom/tc-lib-pdf-graph"
            },
            "funding": [
                {
                    "url": "https://github.com/sponsors/tecnickcom",
                    "type": "github"
                }
            ],
            "time": "2026-08-06T22:02:45+00:00"
        },
        {
            "name": "tecnickcom/tc-lib-pdf-image",
            "version": "3.12.1",
            "source": {
                "type": "git",
                "url": "https://github.com/tecnickcom/tc-lib-pdf-image.git",
                "reference": "648afa0b1f9016406815b1ce6fc2df4a95a3577c"
            },
            "dist": {
                "type": "zip",
                "url": "https://api.github.com/repos/tecnickcom/tc-lib-pdf-image/zipball/648afa0b1f9016406815b1ce6fc2df4a95a3577c",
                "reference": "648afa0b1f9016406815b1ce6fc2df4a95a3577c",
                "shasum": ""
            },
            "require": {
                "ext-gd": "*",
                "ext-zlib": "*",
                "php": ">=8.2",
                "tecnickcom/tc-lib-color": "^2.13",
                "tecnickcom/tc-lib-file": "^3.7",
                "tecnickcom/tc-lib-pdf-encrypt": "^2.9"
            },
            "require-dev": {
                "pdepend/pdepend": "^2.16",
                "phpunit/phpunit": "^11.5 || ^12.5 || ^13.2"
            },
            "type": "library",
            "autoload": {
                "psr-4": {
                    "Com\\Tecnick\\Pdf\\Image\\": "src"
                }
            },
            "notification-url": "https://packagist.org/downloads/",
            "license": [
                "LGPL-3.0-or-later"
            ],
            "authors": [
                {
                    "name": "Nicola Asuni",
                    "email": "info@tecnick.com",
                    "role": "lead"
                }
            ],
            "description": "PHP library containing PDF Image methods",
            "homepage": "https://tcpdf.org",
            "keywords": [
                "image",
                "jpeg",
                "jpg",
                "pdf",
                "png",
                "tc-lib-pdf-image"
            ],
            "support": {
                "issues": "https://github.com/tecnickcom/tc-lib-pdf-image/issues",
                "source": "https://github.com/tecnickcom/tc-lib-pdf-image"
            },
            "funding": [
                {
                    "url": "https://github.com/sponsors/tecnickcom",
                    "type": "github"
                }
            ],
            "time": "2026-08-06T22:02:58+00:00"
        },
        {
            "name": "tecnickcom/tc-lib-pdf-page",
            "version": "4.14.1",
            "source": {
                "type": "git",
                "url": "https://github.com/tecnickcom/tc-lib-pdf-page.git",
                "reference": "22dc3f3cbd290b94896cc88ee725812b8d9e87d3"
            },
            "dist": {
                "type": "zip",
                "url": "https://api.github.com/repos/tecnickcom/tc-lib-pdf-page/zipball/22dc3f3cbd290b94896cc88ee725812b8d9e87d3",
                "reference": "22dc3f3cbd290b94896cc88ee725812b8d9e87d3",
                "shasum": ""
            },
            "require": {
                "ext-zlib": "*",
                "php": ">=8.2",
                "tecnickcom/tc-lib-color": "^2.13",
                "tecnickcom/tc-lib-pdf-encrypt": "^2.9"
            },
            "require-dev": {
                "pdepend/pdepend": "^2.16",
                "phpunit/phpunit": "^11.5 || ^12.5 || ^13.2"
            },
            "type": "library",
            "autoload": {
                "psr-4": {
                    "Com\\Tecnick\\Pdf\\Page\\": "src"
                }
            },
            "notification-url": "https://packagist.org/downloads/",
            "license": [
                "LGPL-3.0-or-later"
            ],
            "authors": [
                {
                    "name": "Nicola Asuni",
                    "email": "info@tecnick.com",
                    "role": "lead"
                }
            ],
            "description": "PHP library containing PDF page formats and definitions",
            "homepage": "https://tcpdf.org",
            "keywords": [
                "format",
                "page",
                "pdf",
                "tc-lib-pdf-page"
            ],
            "support": {
                "issues": "https://github.com/tecnickcom/tc-lib-pdf-page/issues",
                "source": "https://github.com/tecnickcom/tc-lib-pdf-page"
            },
            "funding": [
                {
                    "url": "https://github.com/sponsors/tecnickcom",
                    "type": "github"
                }
            ],
            "time": "2026-08-06T22:02:33+00:00"
        },
        {
            "name": "tecnickcom/tc-lib-pdf-parser",
            "version": "3.14.1",
            "source": {
                "type": "git",
                "url": "https://github.com/tecnickcom/tc-lib-pdf-parser.git",
                "reference": "9161da3d1a43499f5043b8f3c7813ae32823a6e2"
            },
            "dist": {
                "type": "zip",
                "url": "https://api.github.com/repos/tecnickcom/tc-lib-pdf-parser/zipball/9161da3d1a43499f5043b8f3c7813ae32823a6e2",
                "reference": "9161da3d1a43499f5043b8f3c7813ae32823a6e2",
                "shasum": ""
            },
            "require": {
                "ext-pcre": "*",
                "php": ">=8.2",
                "tecnickcom/tc-lib-pdf-filter": "^2.10"
            },
            "require-dev": {
                "pdepend/pdepend": "^2.16",
                "phpunit/phpunit": "^11.5 || ^12.5 || ^13.2"
            },
            "type": "library",
            "autoload": {
                "psr-4": {
                    "Com\\Tecnick\\Pdf\\Parser\\": "src"
                }
            },
            "notification-url": "https://packagist.org/downloads/",
            "license": [
                "LGPL-3.0-or-later"
            ],
            "authors": [
                {
                    "name": "Nicola Asuni",
                    "email": "info@tecnick.com",
                    "role": "lead"
                }
            ],
            "description": "PHP library to parse PDF documents",
            "homepage": "https://tcpdf.org",
            "keywords": [
                "document",
                "parser",
                "pdf",
                "tc-lib-pdf-parser"
            ],
            "support": {
                "issues": "https://github.com/tecnickcom/tc-lib-pdf-parser/issues",
                "source": "https://github.com/tecnickcom/tc-lib-pdf-parser"
            },
            "funding": [
                {
                    "url": "https://github.com/sponsors/tecnickcom",
                    "type": "github"
                }
            ],
            "time": "2026-08-06T22:02:21+00:00"
        },
        {
            "name": "tecnickcom/tc-lib-pdf-sign",
            "version": "1.1.2",
            "source": {
                "type": "git",
                "url": "https://github.com/tecnickcom/tc-lib-pdf-sign.git",
                "reference": "237df563d17139a1eae912a244cf211374563f4e"
            },
            "dist": {
                "type": "zip",
                "url": "https://api.github.com/repos/tecnickcom/tc-lib-pdf-sign/zipball/237df563d17139a1eae912a244cf211374563f4e",
                "reference": "237df563d17139a1eae912a244cf211374563f4e",
                "shasum": ""
            },
            "require": {
                "ext-hash": "*",
                "ext-openssl": "*",
                "ext-pcre": "*",
                "php": ">=8.2"
            },
            "require-dev": {
                "pdepend/pdepend": "^2.16",
                "phpunit/phpunit": "^11.5 || ^12.5 || ^13.2"
            },
            "type": "library",
            "autoload": {
                "psr-4": {
                    "Com\\Tecnick\\Pdf\\Sign\\": "src"
                }
            },
            "notification-url": "https://packagist.org/downloads/",
            "license": [
                "LGPL-3.0-or-later"
            ],
            "authors": [
                {
                    "name": "Nicola Asuni",
                    "email": "info@tecnick.com",
                    "role": "lead"
                }
            ],
            "description": "PHP library to create and embed digital signatures (PKCS#7 / CAdES / PAdES) in PDF documents",
            "homepage": "https://tcpdf.org",
            "keywords": [
                "cades",
                "digital-signature",
                "pades",
                "pdf",
                "pkcs7",
                "sign",
                "signature",
                "tc-lib-pdf-sign",
                "timestamp"
            ],
            "support": {
                "issues": "https://github.com/tecnickcom/tc-lib-pdf-sign/issues",
                "source": "https://github.com/tecnickcom/tc-lib-pdf-sign"
            },
            "funding": [
                {
                    "url": "https://github.com/sponsors/tecnickcom",
                    "type": "github"
                }
            ],
            "time": "2026-08-06T22:00:17+00:00"
        },
        {
            "name": "tecnickcom/tc-lib-unicode",
            "version": "3.0.1",
            "source": {
                "type": "git",
                "url": "https://github.com/tecnickcom/tc-lib-unicode.git",
                "reference": "0ae950ed145a071cd1ddb5111c2751f9ea94c1ef"
            },
            "dist": {
                "type": "zip",
                "url": "https://api.github.com/repos/tecnickcom/tc-lib-unicode/zipball/0ae950ed145a071cd1ddb5111c2751f9ea94c1ef",
                "reference": "0ae950ed145a071cd1ddb5111c2751f9ea94c1ef",
                "shasum": ""
            },
            "require": {
                "ext-ctype": "*",
                "ext-mbstring": "*",
                "ext-pcre": "*",
                "php": ">=8.2",
                "tecnickcom/tc-lib-unicode-data": "^3.0"
            },
            "require-dev": {
                "pdepend/pdepend": "^2.16",
                "phpunit/phpunit": "^11.5 || ^12.5 || ^13.2"
            },
            "type": "library",
            "autoload": {
                "psr-4": {
                    "Com\\Tecnick\\Unicode\\": "src"
                }
            },
            "notification-url": "https://packagist.org/downloads/",
            "license": [
                "LGPL-3.0-or-later"
            ],
            "authors": [
                {
                    "name": "Nicola Asuni",
                    "email": "info@tecnick.com",
                    "role": "lead"
                }
            ],
            "description": "PHP library containing Unicode methods",
            "homepage": "https://tcpdf.org",
            "keywords": [
                "font",
                "pdf",
                "tc-lib-unicode",
                "unicode",
                "utf-8"
            ],
            "support": {
                "issues": "https://github.com/tecnickcom/tc-lib-unicode/issues",
                "source": "https://github.com/tecnickcom/tc-lib-unicode"
            },
            "funding": [
                {
                    "url": "https://github.com/sponsors/tecnickcom",
                    "type": "github"
                }
            ],
            "time": "2026-08-06T22:02:08+00:00"
        },
        {
            "name": "tecnickcom/tc-lib-unicode-data",
            "version": "3.0.1",
            "source": {
                "type": "git",
                "url": "https://github.com/tecnickcom/tc-lib-unicode-data.git",
                "reference": "6f9134f35c9081b5f952da81756eab55f35dd813"
            },
            "dist": {
                "type": "zip",
                "url": "https://api.github.com/repos/tecnickcom/tc-lib-unicode-data/zipball/6f9134f35c9081b5f952da81756eab55f35dd813",
                "reference": "6f9134f35c9081b5f952da81756eab55f35dd813",
                "shasum": ""
            },
            "require": {
                "php": ">=8.2"
            },
            "require-dev": {
                "pdepend/pdepend": "^2.16",
                "phpunit/phpunit": "^11.5 || ^12.5 || ^13.2"
            },
            "type": "library",
            "autoload": {
                "psr-4": {
                    "Com\\Tecnick\\Unicode\\Data\\": "src"
                }
            },
            "notification-url": "https://packagist.org/downloads/",
            "license": [
                "LGPL-3.0-or-later"
            ],
            "authors": [
                {
                    "name": "Nicola Asuni",
                    "email": "info@tecnick.com",
                    "role": "lead"
                }
            ],
            "description": "PHP library containing Unicode definitions",
            "homepage": "https://tcpdf.org",
            "keywords": [
                "font",
                "pdf",
                "tc-lib-unicode-data",
                "unicode",
                "utf-8"
            ],
            "support": {
                "issues": "https://github.com/tecnickcom/tc-lib-unicode-data/issues",
                "source": "https://github.com/tecnickcom/tc-lib-unicode-data"
            },
            "funding": [
                {
                    "url": "https://github.com/sponsors/tecnickcom",
                    "type": "github"
                }
            ],
            "time": "2026-08-06T22:00:33+00:00"
        }
    ],
    "packages-dev": [],
    "aliases": [],
    "minimum-stability": "stable",
    "stability-flags": {},
    "prefer-stable": false,
    "prefer-lowest": false,
    "platform": {},
    "platform-dev": {},
    "plugin-api-version": "2.9.0"
}
