{
    "_readme": [
        "This file locks the dependencies of your project to a known state",
        "Read more about it at https://getcomposer.org/doc/01-basic-usage.md#installing-dependencies",
        "This file is @generated automatically"
    ],
    "content-hash": "c4fe5237768b8035ebb86aeefc6121c5",
    "packages": [
        {
            "name": "devium/toml",
            "version": "1.0.5",
            "source": {
                "type": "git",
                "url": "https://github.com/vanodevium/toml.git",
                "reference": "a62f7fbe6ceb208fee554903181af12d6070a449"
            },
            "dist": {
                "type": "zip",
                "url": "https://api.github.com/repos/vanodevium/toml/zipball/a62f7fbe6ceb208fee554903181af12d6070a449",
                "reference": "a62f7fbe6ceb208fee554903181af12d6070a449",
                "shasum": ""
            },
            "require": {
                "ext-json": "*",
                "php": ">=8.1",
                "php-ds/php-ds": "^1.5",
                "symfony/polyfill-mbstring": "^1.30"
            },
            "require-dev": {
                "laravel/pint": "^1.17.1",
                "pestphp/pest": "^2.35",
                "phpstan/phpstan": "^1.11.9",
                "rector/rector": "^1.2.2",
                "symfony/var-dumper": "^6.4|^7.1"
            },
            "suggest": {
                "ext-ds": "For best performance",
                "ext-mbstring": "For best performance"
            },
            "type": "library",
            "autoload": {
                "files": [
                    "src/helpers.php"
                ],
                "psr-4": {
                    "Devium\\Toml\\": "src/"
                }
            },
            "notification-url": "https://packagist.org/downloads/",
            "license": [
                "MIT"
            ],
            "authors": [
                {
                    "name": "Vano Devium",
                    "email": "vano@devium.me"
                }
            ],
            "description": "A PHP encoder/decoder for TOML",
            "keywords": [
                "decode",
                "encode",
                "parser",
                "toml"
            ],
            "support": {
                "issues": "https://github.com/vanodevium/toml/issues",
                "source": "https://github.com/vanodevium/toml/tree/v1.0.5"
            },
            "funding": [
                {
                    "url": "https://github.com/vanodevium",
                    "type": "github"
                }
            ],
            "time": "2024-09-05T13:42:15+00:00"
        },
        {
            "name": "php-ds/php-ds",
            "version": "v1.5.0",
            "source": {
                "type": "git",
                "url": "https://github.com/php-ds/polyfill.git",
                "reference": "7b2c5f1843466d50769a0682ce6fa9ddaaa99cb4"
            },
            "dist": {
                "type": "zip",
                "url": "https://api.github.com/repos/php-ds/polyfill/zipball/7b2c5f1843466d50769a0682ce6fa9ddaaa99cb4",
                "reference": "7b2c5f1843466d50769a0682ce6fa9ddaaa99cb4",
                "shasum": ""
            },
            "require": {
                "ext-json": "*",
                "php": ">=7.0"
            },
            "provide": {
                "ext-ds": "1.5.0"
            },
            "require-dev": {
                "php-ds/tests": "^1.5"
            },
            "suggest": {
                "ext-ds": "to improve performance and reduce memory usage"
            },
            "type": "library",
            "autoload": {
                "psr-4": {
                    "Ds\\": "src"
                }
            },
            "notification-url": "https://packagist.org/downloads/",
            "license": [
                "MIT"
            ],
            "authors": [
                {
                    "name": "Rudi Theunissen",
                    "email": "rudolf.theunissen@gmail.com"
                }
            ],
            "keywords": [
                "data structures",
                "ds",
                "php",
                "polyfill"
            ],
            "support": {
                "issues": "https://github.com/php-ds/polyfill/issues",
                "source": "https://github.com/php-ds/polyfill/tree/v1.5.0"
            },
            "time": "2023-12-19T16:52:21+00:00"
        },
        {
            "name": "symfony/polyfill-mbstring",
            "version": "v1.31.0",
            "source": {
                "type": "git",
                "url": "https://github.com/symfony/polyfill-mbstring.git",
                "reference": "85181ba99b2345b0ef10ce42ecac37612d9fd341"
            },
            "dist": {
                "type": "zip",
                "url": "https://api.github.com/repos/symfony/polyfill-mbstring/zipball/85181ba99b2345b0ef10ce42ecac37612d9fd341",
                "reference": "85181ba99b2345b0ef10ce42ecac37612d9fd341",
                "shasum": ""
            },
            "require": {
                "php": ">=7.2"
            },
            "provide": {
                "ext-mbstring": "*"
            },
            "suggest": {
                "ext-mbstring": "For best performance"
            },
            "type": "library",
            "extra": {
                "thanks": {
                    "url": "https://github.com/symfony/polyfill",
                    "name": "symfony/polyfill"
                }
            },
            "autoload": {
                "files": [
                    "bootstrap.php"
                ],
                "psr-4": {
                    "Symfony\\Polyfill\\Mbstring\\": ""
                }
            },
            "notification-url": "https://packagist.org/downloads/",
            "license": [
                "MIT"
            ],
            "authors": [
                {
                    "name": "Nicolas Grekas",
                    "email": "p@tchwork.com"
                },
                {
                    "name": "Symfony Community",
                    "homepage": "https://symfony.com/contributors"
                }
            ],
            "description": "Symfony polyfill for the Mbstring extension",
            "homepage": "https://symfony.com",
            "keywords": [
                "compatibility",
                "mbstring",
                "polyfill",
                "portable",
                "shim"
            ],
            "support": {
                "source": "https://github.com/symfony/polyfill-mbstring/tree/v1.31.0"
            },
            "funding": [
                {
                    "url": "https://symfony.com/sponsor",
                    "type": "custom"
                },
                {
                    "url": "https://github.com/fabpot",
                    "type": "github"
                },
                {
                    "url": "https://tidelift.com/funding/github/packagist/symfony/symfony",
                    "type": "tidelift"
                }
            ],
            "time": "2024-09-09T11:45:10+00:00"
        }
    ],
    "packages-dev": [],
    "aliases": [],
    "minimum-stability": "stable",
    "stability-flags": {},
    "prefer-stable": false,
    "prefer-lowest": false,
    "platform": {},
    "platform-dev": {},
    "plugin-api-version": "2.6.0"
}
