{
    "_readme": [
        "This file locks the dependencies of your project to a known state",
        "Read more about it at https://getcomposer.org/doc/01-basic-usage.md#installing-dependencies",
        "This file is @generated automatically"
    ],
    "content-hash": "a117c1d54965cee4dde7719a2eba9567",
    "packages": [
        {
            "name": "webklex/php-geoip",
            "version": "1.0.0",
            "source": {
                "type": "git",
                "url": "https://github.com/Webklex/php-geoip.git",
                "reference": "c992e4a7bc59ae72b4c1889f9f56a8c9456753e4"
            },
            "dist": {
                "type": "zip",
                "url": "https://api.github.com/repos/Webklex/php-geoip/zipball/c992e4a7bc59ae72b4c1889f9f56a8c9456753e4",
                "reference": "c992e4a7bc59ae72b4c1889f9f56a8c9456753e4",
                "shasum": ""
            },
            "require": {
                "ext-curl": "*",
                "ext-json": "*",
                "php": ">=5.5.9"
            },
            "type": "library",
            "extra": {
                "branch-alias": {
                    "dev-master": "1.0-dev"
                }
            },
            "autoload": {
                "psr-4": {
                    "Webklex\\GeoIP\\": "src"
                }
            },
            "notification-url": "https://packagist.org/downloads/",
            "license": [
                "MIT"
            ],
            "authors": [
                {
                    "name": "Malte Goldenbaum",
                    "email": "github@webklex.com",
                    "role": "Developer"
                }
            ],
            "description": "PHP GeoIP client",
            "homepage": "https://github.com/webklex/php-geoip",
            "keywords": [
                "IP",
                "geoip",
                "php-geoip",
                "webklex"
            ],
            "support": {
                "issues": "https://github.com/Webklex/php-geoip/issues",
                "source": "https://github.com/Webklex/php-geoip/tree/1.0.0"
            },
            "time": "2020-10-17T22:33:23+00:00"
        }
    ],
    "packages-dev": [],
    "aliases": [],
    "minimum-stability": "stable",
    "stability-flags": {},
    "prefer-stable": false,
    "prefer-lowest": false,
    "platform": {},
    "platform-dev": {},
    "plugin-api-version": "2.6.0"
}
